
Microsoft Visual Studio Solution File, Format Version 12.00
# Visual Studio Version 17
VisualStudioVersion = 17.1.32319.34
MinimumVisualStudioVersion = 10.0.40219.1
Project("{FAE04EC0-301F-11D3-BF4B-00C04F79EFBC}") = "BRQ-Truck.Api", "BRQ-Truck.Api.csproj", "{12D50EB3-16E0-4769-950F-01214D4DAD4D}"
EndProject
Project("{FAE04EC0-301F-11D3-BF4B-00C04F79EFBC}") = "BRQ-Truck.Domain", "..\BRQ-Truck.Domain\BRQ-Truck.Domain.csproj", "{AAAEA26C-C8B7-48CC-8EAF-C9603C5D4CA3}"
EndProject
Project("{FAE04EC0-301F-11D3-BF4B-00C04F79EFBC}") = "BRQ-Truck.Repository", "..\BRQ-Truck.Repository\BRQ-Truck.Repository.csproj", "{A87AD609-BBA0-4BAC-898A-BC9CAE45AC41}"
EndProject
Global
	GlobalSection(SolutionConfigurationPlatforms) = preSolution
		Debug|Any CPU = Debug|Any CPU
		Release|Any CPU = Release|Any CPU
	EndGlobalSection
	GlobalSection(ProjectConfigurationPlatforms) = postSolution
		{12D50EB3-16E0-4769-950F-01214D4DAD4D}.Debug|Any CPU.ActiveCfg = Debug|Any CPU
		{12D50EB3-16E0-4769-950F-01214D4DAD4D}.Debug|Any CPU.Build.0 = Debug|Any CPU
		{12D50EB3-16E0-4769-950F-01214D4DAD4D}.Release|Any CPU.ActiveCfg = Release|Any CPU
		{12D50EB3-16E0-4769-950F-01214D4DAD4D}.Release|Any CPU.Build.0 = Release|Any CPU
		{AAAEA26C-C8B7-48CC-8EAF-C9603C5D4CA3}.Debug|Any CPU.ActiveCfg = Debug|Any CPU
		{AAAEA26C-C8B7-48CC-8EAF-C9603C5D4CA3}.Debug|Any CPU.Build.0 = Debug|Any CPU
		{AAAEA26C-C8B7-48CC-8EAF-C9603C5D4CA3}.Release|Any CPU.ActiveCfg = Release|Any CPU
		{AAAEA26C-C8B7-48CC-8EAF-C9603C5D4CA3}.Release|Any CPU.Build.0 = Release|Any CPU
		{A87AD609-BBA0-4BAC-898A-BC9CAE45AC41}.Debug|Any CPU.ActiveCfg = Debug|Any CPU
		{A87AD609-BBA0-4BAC-898A-BC9CAE45AC41}.Debug|Any CPU.Build.0 = Debug|Any CPU
		{A87AD609-BBA0-4BAC-898A-BC9CAE45AC41}.Release|Any CPU.ActiveCfg = Release|Any CPU
		{A87AD609-BBA0-4BAC-898A-BC9CAE45AC41}.Release|Any CPU.Build.0 = Release|Any CPU
	EndGlobalSection
	GlobalSection(SolutionProperties) = preSolution
		HideSolutionNode = FALSE
	EndGlobalSection
	GlobalSection(ExtensibilityGlobals) = postSolution
		SolutionGuid = {1E66BA77-D66E-4DFF-A5AC-DB142CCD9E28}
	EndGlobalSection
EndGlobal
